// !$*UTF8*$!
{
	archiveVersion = 1;
	classes = {
	};
	objectVersion = 56;
	objects = {

/* Begin PBXBuildFile section */
		E556ED732BF355E600EC8106 /* HR30DCDay28.swift in Sources */ = {isa = PBXBuildFile; fileRef = E556ED722BF355E600EC8106 /* HR30DCDay28.swift */; };
		E556ED752BF3594D00EC8106 /* HR30DCDay29.swift in Sources */ = {isa = PBXBuildFile; fileRef = E556ED742BF3594D00EC8106 /* HR30DCDay29.swift */; };
		E59509572BE1FB1300BDDFA4 /* DSACoursesApp.swift in Sources */ = {isa = PBXBuildFile; fileRef = E59509562BE1FB1300BDDFA4 /* DSACoursesApp.swift */; };
		E59509592BE1FB1300BDDFA4 /* CodingPlatformsView.swift in Sources */ = {isa = PBXBuildFile; fileRef = E59509582BE1FB1300BDDFA4 /* CodingPlatformsView.swift */; };
		E595095B2BE1FB1400BDDFA4 /* Assets.xcassets in Resources */ = {isa = PBXBuildFile; fileRef = E595095A2BE1FB1400BDDFA4 /* Assets.xcassets */; };
		E595095E2BE1FB1400BDDFA4 /* Preview Assets.xcassets in Resources */ = {isa = PBXBuildFile; fileRef = E595095D2BE1FB1400BDDFA4 /* Preview Assets.xcassets */; };
		E59509672BE1FB6000BDDFA4 /* HR30DCDay23.swift in Sources */ = {isa = PBXBuildFile; fileRef = E59509662BE1FB6000BDDFA4 /* HR30DCDay23.swift */; };
		E59509692BE1FC1A00BDDFA4 /* CodingPlatform.swift in Sources */ = {isa = PBXBuildFile; fileRef = E59509682BE1FC1A00BDDFA4 /* CodingPlatform.swift */; };
		E595096C2BE20F4700BDDFA4 /* Destination.swift in Sources */ = {isa = PBXBuildFile; fileRef = E595096B2BE20F4700BDDFA4 /* Destination.swift */; };
		E595096F2BE20F8300BDDFA4 /* PreparationKitsView.swift in Sources */ = {isa = PBXBuildFile; fileRef = E595096E2BE20F8300BDDFA4 /* PreparationKitsView.swift */; };
		E59509712BE20FFC00BDDFA4 /* PreparationKitDetailView.swift in Sources */ = {isa = PBXBuildFile; fileRef = E59509702BE20FFC00BDDFA4 /* PreparationKitDetailView.swift */; };
		E59509732BE2102A00BDDFA4 /* ExerciceView.swift in Sources */ = {isa = PBXBuildFile; fileRef = E59509722BE2102A00BDDFA4 /* ExerciceView.swift */; };
		E59509752BE211CF00BDDFA4 /* PreparationKit.swift in Sources */ = {isa = PBXBuildFile; fileRef = E59509742BE211CF00BDDFA4 /* PreparationKit.swift */; };
		E59509772BE211E200BDDFA4 /* Exercice.swift in Sources */ = {isa = PBXBuildFile; fileRef = E59509762BE211E200BDDFA4 /* Exercice.swift */; };
		E595097A2BE2120500BDDFA4 /* HR30DaysOfCode.swift in Sources */ = {isa = PBXBuildFile; fileRef = E59509792BE2120500BDDFA4 /* HR30DaysOfCode.swift */; };
		E595097E2BE2126600BDDFA4 /* ExerciceContent.swift in Sources */ = {isa = PBXBuildFile; fileRef = E595097D2BE2126600BDDFA4 /* ExerciceContent.swift */; };
		E59509802BE3E40200BDDFA4 /* HR30DCDay24.swift in Sources */ = {isa = PBXBuildFile; fileRef = E595097F2BE3E40200BDDFA4 /* HR30DCDay24.swift */; };
		E59509822BE525CC00BDDFA4 /* HR30DCDay25.swift in Sources */ = {isa = PBXBuildFile; fileRef = E59509812BE525CC00BDDFA4 /* HR30DCDay25.swift */; };
		E59509842BE66BFC00BDDFA4 /* HR30DCDay26.swift in Sources */ = {isa = PBXBuildFile; fileRef = E59509832BE66BFC00BDDFA4 /* HR30DCDay26.swift */; };
/* End PBXBuildFile section */

/* Begin PBXFileReference section */
		E556ED722BF355E600EC8106 /* HR30DCDay28.swift */ = {isa = PBXFileReference; lastKnownFileType = sourcecode.swift; path = HR30DCDay28.swift; sourceTree = "<group>"; };
		E556ED742BF3594D00EC8106 /* HR30DCDay29.swift */ = {isa = PBXFileReference; lastKnownFileType = sourcecode.swift; path = HR30DCDay29.swift; sourceTree = "<group>"; };
		E59509532BE1FB1300BDDFA4 /* DSA Courses.app */ = {isa = PBXFileReference; explicitFileType = wrapper.application; includeInIndex = 0; path = "DSA Courses.app"; sourceTree = BUILT_PRODUCTS_DIR; };
		E59509562BE1FB1300BDDFA4 /* DSACoursesApp.swift */ = {isa = PBXFileReference; lastKnownFileType = sourcecode.swift; path = DSACoursesApp.swift; sourceTree = "<group>"; };
		E59509582BE1FB1300BDDFA4 /* CodingPlatformsView.swift */ = {isa = PBXFileReference; lastKnownFileType = sourcecode.swift; path = CodingPlatformsView.swift; sourceTree = "<group>"; };
		E595095A2BE1FB1400BDDFA4 /* Assets.xcassets */ = {isa = PBXFileReference; lastKnownFileType = folder.assetcatalog; path = Assets.xcassets; sourceTree = "<group>"; };
		E595095D2BE1FB1400BDDFA4 /* Preview Assets.xcassets */ = {isa = PBXFileReference; lastKnownFileType = folder.assetcatalog; path = "Preview Assets.xcassets"; sourceTree = "<group>"; };
		E59509662BE1FB6000BDDFA4 /* HR30DCDay23.swift */ = {isa = PBXFileReference; lastKnownFileType = sourcecode.swift; path = HR30DCDay23.swift; sourceTree = "<group>"; };
		E59509682BE1FC1A00BDDFA4 /* CodingPlatform.swift */ = {isa = PBXFileReference; lastKnownFileType = sourcecode.swift; path = CodingPlatform.swift; sourceTree = "<group>"; };
		E595096B2BE20F4700BDDFA4 /* Destination.swift */ = {isa = PBXFileReference; lastKnownFileType = sourcecode.swift; path = Destination.swift; sourceTree = "<group>"; };
		E595096E2BE20F8300BDDFA4 /* PreparationKitsView.swift */ = {isa = PBXFileReference; lastKnownFileType = sourcecode.swift; path = PreparationKitsView.swift; sourceTree = "<group>"; };
		E59509702BE20FFC00BDDFA4 /* PreparationKitDetailView.swift */ = {isa = PBXFileReference; lastKnownFileType = sourcecode.swift; path = PreparationKitDetailView.swift; sourceTree = "<group>"; };
		E59509722BE2102A00BDDFA4 /* ExerciceView.swift */ = {isa = PBXFileReference; lastKnownFileType = sourcecode.swift; path = ExerciceView.swift; sourceTree = "<group>"; };
		E59509742BE211CF00BDDFA4 /* PreparationKit.swift */ = {isa = PBXFileReference; lastKnownFileType = sourcecode.swift; path = PreparationKit.swift; sourceTree = "<group>"; };
		E59509762BE211E200BDDFA4 /* Exercice.swift */ = {isa = PBXFileReference; lastKnownFileType = sourcecode.swift; path = Exercice.swift; sourceTree = "<group>"; };
		E59509792BE2120500BDDFA4 /* HR30DaysOfCode.swift */ = {isa = PBXFileReference; lastKnownFileType = sourcecode.swift; path = HR30DaysOfCode.swift; sourceTree = "<group>"; };
		E595097D2BE2126600BDDFA4 /* ExerciceContent.swift */ = {isa = PBXFileReference; lastKnownFileType = sourcecode.swift; path = ExerciceContent.swift; sourceTree = "<group>"; };
		E595097F2BE3E40200BDDFA4 /* HR30DCDay24.swift */ = {isa = PBXFileReference; lastKnownFileType = sourcecode.swift; path = HR30DCDay24.swift; sourceTree = "<group>"; };
		E59509812BE525CC00BDDFA4 /* HR30DCDay25.swift */ = {isa = PBXFileReference; lastKnownFileType = sourcecode.swift; path = HR30DCDay25.swift; sourceTree = "<group>"; };
		E59509832BE66BFC00BDDFA4 /* HR30DCDay26.swift */ = {isa = PBXFileReference; lastKnownFileType = sourcecode.swift; path = HR30DCDay26.swift; sourceTree = "<group>"; };
/* End PBXFileReference section */

/* Begin PBXFrameworksBuildPhase section */
		E59509502BE1FB1300BDDFA4 /* Frameworks */ = {
			isa = PBXFrameworksBuildPhase;
			buildActionMask = 2147483647;
			files = (
			);
			runOnlyForDeploymentPostprocessing = 0;
		};
/* End PBXFrameworksBuildPhase section */

/* Begin PBXGroup section */
		E595094A2BE1FB1300BDDFA4 = {
			isa = PBXGroup;
			children = (
				E59509552BE1FB1300BDDFA4 /* DSA Courses */,
				E59509542BE1FB1300BDDFA4 /* Products */,
			);
			sourceTree = "<group>";
		};
		E59509542BE1FB1300BDDFA4 /* Products */ = {
			isa = PBXGroup;
			children = (
				E59509532BE1FB1300BDDFA4 /* DSA Courses.app */,
			);
			name = Products;
			sourceTree = "<group>";
		};
		E59509552BE1FB1300BDDFA4 /* DSA Courses */ = {
			isa = PBXGroup;
			children = (
				E595096A2BE1FC2A00BDDFA4 /* Domain */,
				E59509642BE1FB3E00BDDFA4 /* HackerRank */,
				E595096D2BE20F6D00BDDFA4 /* Scenes */,
				E595095A2BE1FB1400BDDFA4 /* Assets.xcassets */,
				E595095C2BE1FB1400BDDFA4 /* Preview Content */,
			);
			path = "DSA Courses";
			sourceTree = "<group>";
		};
		E595095C2BE1FB1400BDDFA4 /* Preview Content */ = {
			isa = PBXGroup;
			children = (
				E595095D2BE1FB1400BDDFA4 /* Preview Assets.xcassets */,
			);
			path = "Preview Content";
			sourceTree = "<group>";
		};
		E59509642BE1FB3E00BDDFA4 /* HackerRank */ = {
			isa = PBXGroup;
			children = (
				E59509652BE1FB4700BDDFA4 /* 30 Days of Code */,
			);
			path = HackerRank;
			sourceTree = "<group>";
		};
		E59509652BE1FB4700BDDFA4 /* 30 Days of Code */ = {
			isa = PBXGroup;
			children = (
				E59509662BE1FB6000BDDFA4 /* HR30DCDay23.swift */,
				E595097F2BE3E40200BDDFA4 /* HR30DCDay24.swift */,
				E59509812BE525CC00BDDFA4 /* HR30DCDay25.swift */,
				E59509832BE66BFC00BDDFA4 /* HR30DCDay26.swift */,
				E556ED722BF355E600EC8106 /* HR30DCDay28.swift */,
				E556ED742BF3594D00EC8106 /* HR30DCDay29.swift */,
			);
			path = "30 Days of Code";
			sourceTree = "<group>";
		};
		E595096A2BE1FC2A00BDDFA4 /* Domain */ = {
			isa = PBXGroup;
			children = (
				E595097C2BE2123A00BDDFA4 /* Common */,
				E59509782BE211FD00BDDFA4 /* HackerRank */,
				E595097B2BE2122900BDDFA4 /* Navigation */,
			);
			path = Domain;
			sourceTree = "<group>";
		};
		E595096D2BE20F6D00BDDFA4 /* Scenes */ = {
			isa = PBXGroup;
			children = (
				E59509562BE1FB1300BDDFA4 /* DSACoursesApp.swift */,
				E59509582BE1FB1300BDDFA4 /* CodingPlatformsView.swift */,
				E595096E2BE20F8300BDDFA4 /* PreparationKitsView.swift */,
				E59509702BE20FFC00BDDFA4 /* PreparationKitDetailView.swift */,
				E59509722BE2102A00BDDFA4 /* ExerciceView.swift */,
			);
			path = Scenes;
			sourceTree = "<group>";
		};
		E59509782BE211FD00BDDFA4 /* HackerRank */ = {
			isa = PBXGroup;
			children = (
				E59509792BE2120500BDDFA4 /* HR30DaysOfCode.swift */,
			);
			path = HackerRank;
			sourceTree = "<group>";
		};
		E595097B2BE2122900BDDFA4 /* Navigation */ = {
			isa = PBXGroup;
			children = (
				E595096B2BE20F4700BDDFA4 /* Destination.swift */,
			);
			path = Navigation;
			sourceTree = "<group>";
		};
		E595097C2BE2123A00BDDFA4 /* Common */ = {
			isa = PBXGroup;
			children = (
				E59509682BE1FC1A00BDDFA4 /* CodingPlatform.swift */,
				E59509742BE211CF00BDDFA4 /* PreparationKit.swift */,
				E59509762BE211E200BDDFA4 /* Exercice.swift */,
				E595097D2BE2126600BDDFA4 /* ExerciceContent.swift */,
			);
			path = Common;
			sourceTree = "<group>";
		};
/* End PBXGroup section */

/* Begin PBXNativeTarget section */
		E59509522BE1FB1300BDDFA4 /* DSA Courses */ = {
			isa = PBXNativeTarget;
			buildConfigurationList = E59509612BE1FB1400BDDFA4 /* Build configuration list for PBXNativeTarget "DSA Courses" */;
			buildPhases = (
				E595094F2BE1FB1300BDDFA4 /* Sources */,
				E59509502BE1FB1300BDDFA4 /* Frameworks */,
				E59509512BE1FB1300BDDFA4 /* Resources */,
			);
			buildRules = (
			);
			dependencies = (
			);
			name = "DSA Courses";
			productName = "DSA Courses";
			productReference = E59509532BE1FB1300BDDFA4 /* DSA Courses.app */;
			productType = "com.apple.product-type.application";
		};
/* End PBXNativeTarget section */

/* Begin PBXProject section */
		E595094B2BE1FB1300BDDFA4 /* Project object */ = {
			isa = PBXProject;
			attributes = {
				BuildIndependentTargetsInParallel = 1;
				LastSwiftUpdateCheck = 1530;
				LastUpgradeCheck = 1530;
				TargetAttributes = {
					E59509522BE1FB1300BDDFA4 = {
						CreatedOnToolsVersion = 15.3;
					};
				};
			};
			buildConfigurationList = E595094E2BE1FB1300BDDFA4 /* Build configuration list for PBXProject "DSA Courses" */;
			compatibilityVersion = "Xcode 14.0";
			developmentRegion = en;
			hasScannedForEncodings = 0;
			knownRegions = (
				en,
				Base,
			);
			mainGroup = E595094A2BE1FB1300BDDFA4;
			productRefGroup = E59509542BE1FB1300BDDFA4 /* Products */;
			projectDirPath = "";
			projectRoot = "";
			targets = (
				E59509522BE1FB1300BDDFA4 /* DSA Courses */,
			);
		};
/* End PBXProject section */

/* Begin PBXResourcesBuildPhase section */
		E59509512BE1FB1300BDDFA4 /* Resources */ = {
			isa = PBXResourcesBuildPhase;
			buildActionMask = 2147483647;
			files = (
				E595095E2BE1FB1400BDDFA4 /* Preview Assets.xcassets in Resources */,
				E595095B2BE1FB1400BDDFA4 /* Assets.xcassets in Resources */,
			);
			runOnlyForDeploymentPostprocessing = 0;
		};
/* End PBXResourcesBuildPhase section */

/* Begin PBXSourcesBuildPhase section */
		E595094F2BE1FB1300BDDFA4 /* Sources */ = {
			isa = PBXSourcesBuildPhase;
			buildActionMask = 2147483647;
			files = (
				E59509732BE2102A00BDDFA4 /* ExerciceView.swift in Sources */,
				E59509772BE211E200BDDFA4 /* Exercice.swift in Sources */,
				E59509592BE1FB1300BDDFA4 /* CodingPlatformsView.swift in Sources */,
				E59509692BE1FC1A00BDDFA4 /* CodingPlatform.swift in Sources */,
				E556ED752BF3594D00EC8106 /* HR30DCDay29.swift in Sources */,
				E595097A2BE2120500BDDFA4 /* HR30DaysOfCode.swift in Sources */,
				E595096C2BE20F4700BDDFA4 /* Destination.swift in Sources */,
				E59509802BE3E40200BDDFA4 /* HR30DCDay24.swift in Sources */,
				E595096F2BE20F8300BDDFA4 /* PreparationKitsView.swift in Sources */,
				E556ED732BF355E600EC8106 /* HR30DCDay28.swift in Sources */,
				E59509752BE211CF00BDDFA4 /* PreparationKit.swift in Sources */,
				E595097E2BE2126600BDDFA4 /* ExerciceContent.swift in Sources */,
				E59509672BE1FB6000BDDFA4 /* HR30DCDay23.swift in Sources */,
				E59509572BE1FB1300BDDFA4 /* DSACoursesApp.swift in Sources */,
				E59509712BE20FFC00BDDFA4 /* PreparationKitDetailView.swift in Sources */,
				E59509842BE66BFC00BDDFA4 /* HR30DCDay26.swift in Sources */,
				E59509822BE525CC00BDDFA4 /* HR30DCDay25.swift in Sources */,
			);
			runOnlyForDeploymentPostprocessing = 0;
		};
/* End PBXSourcesBuildPhase section */

/* Begin XCBuildConfiguration section */
		E595095F2BE1FB1400BDDFA4 /* Debug */ = {
			isa = XCBuildConfiguration;
			buildSettings = {
				ALWAYS_SEARCH_USER_PATHS = NO;
				ASSETCATALOG_COMPILER_GENERATE_SWIFT_ASSET_SYMBOL_EXTENSIONS = YES;
				CLANG_ANALYZER_NONNULL = YES;
				CLANG_ANALYZER_NUMBER_OBJECT_CONVERSION = YES_AGGRESSIVE;
				CLANG_CXX_LANGUAGE_STANDARD = "gnu++20";
				CLANG_ENABLE_MODULES = YES;
				CLANG_ENABLE_OBJC_ARC = YES;
				CLANG_ENABLE_OBJC_WEAK = YES;
				CLANG_WARN_BLOCK_CAPTURE_AUTORELEASING = YES;
				CLANG_WARN_BOOL_CONVERSION = YES;
				CLANG_WARN_COMMA = YES;
				CLANG_WARN_CONSTANT_CONVERSION = YES;
				CLANG_WARN_DEPRECATED_OBJC_IMPLEMENTATIONS = YES;
				CLANG_WARN_DIRECT_OBJC_ISA_USAGE = YES_ERROR;
				CLANG_WARN_DOCUMENTATION_COMMENTS = YES;
				CLANG_WARN_EMPTY_BODY = YES;
				CLANG_WARN_ENUM_CONVERSION = YES;
				CLANG_WARN_INFINITE_RECURSION = YES;
				CLANG_WARN_INT_CONVERSION = YES;
				CLANG_WARN_NON_LITERAL_NULL_CONVERSION = YES;
				CLANG_WARN_OBJC_IMPLICIT_RETAIN_SELF = YES;
				CLANG_WARN_OBJC_LITERAL_CONVERSION = YES;
				CLANG_WARN_OBJC_ROOT_CLASS = YES_ERROR;
				CLANG_WARN_QUOTED_INCLUDE_IN_FRAMEWORK_HEADER = YES;
				CLANG_WARN_RANGE_LOOP_ANALYSIS = YES;
				CLANG_WARN_STRICT_PROTOTYPES = YES;
				CLANG_WARN_SUSPICIOUS_MOVE = YES;
				CLANG_WARN_UNGUARDED_AVAILABILITY = YES_AGGRESSIVE;
				CLANG_WARN_UNREACHABLE_CODE = YES;
				CLANG_WARN__DUPLICATE_METHOD_MATCH = YES;
				COPY_PHASE_STRIP = NO;
				DEBUG_INFORMATION_FORMAT = dwarf;
				ENABLE_STRICT_OBJC_MSGSEND = YES;
				ENABLE_TESTABILITY = YES;
				ENABLE_USER_SCRIPT_SANDBOXING = YES;
				GCC_C_LANGUAGE_STANDARD = gnu17;
				GCC_DYNAMIC_NO_PIC = NO;
				GCC_NO_COMMON_BLOCKS = YES;
				GCC_OPTIMIZATION_LEVEL = 0;
				GCC_PREPROCESSOR_DEFINITIONS = (
					"DEBUG=1",
					"$(inherited)",
				);
				GCC_WARN_64_TO_32_BIT_CONVERSION = YES;
				GCC_WARN_ABOUT_RETURN_TYPE = YES_ERROR;
				GCC_WARN_UNDECLARED_SELECTOR = YES;
				GCC_WARN_UNINITIALIZED_AUTOS = YES_AGGRESSIVE;
				GCC_WARN_UNUSED_FUNCTION = YES;
				GCC_WARN_UNUSED_VARIABLE = YES;
				IPHONEOS_DEPLOYMENT_TARGET = 17;
				LOCALIZATION_PREFERS_STRING_CATALOGS = YES;
				MTL_ENABLE_DEBUG_INFO = INCLUDE_SOURCE;
				MTL_FAST_MATH = YES;
				ONLY_ACTIVE_ARCH = YES;
				SDKROOT = iphoneos;
				SWIFT_ACTIVE_COMPILATION_CONDITIONS = "DEBUG $(inherited)";
				SWIFT_OPTIMIZATION_LEVEL = "-Onone";
			};
			name = Debug;
		};
		E59509602BE1FB1400BDDFA4 /* Release */ = {
			isa = XCBuildConfiguration;
			buildSettings = {
				ALWAYS_SEARCH_USER_PATHS = NO;
				ASSETCATALOG_COMPILER_GENERATE_SWIFT_ASSET_SYMBOL_EXTENSIONS = YES;
				CLANG_ANALYZER_NONNULL = YES;
				CLANG_ANALYZER_NUMBER_OBJECT_CONVERSION = YES_AGGRESSIVE;
				CLANG_CXX_LANGUAGE_STANDARD = "gnu++20";
				CLANG_ENABLE_MODULES = YES;
				CLANG_ENABLE_OBJC_ARC = YES;
				CLANG_ENABLE_OBJC_WEAK = YES;
				CLANG_WARN_BLOCK_CAPTURE_AUTORELEASING = YES;
				CLANG_WARN_BOOL_CONVERSION = YES;
				CLANG_WARN_COMMA = YES;
				CLANG_WARN_CONSTANT_CONVERSION = YES;
				CLANG_WARN_DEPRECATED_OBJC_IMPLEMENTATIONS = YES;
				CLANG_WARN_DIRECT_OBJC_ISA_USAGE = YES_ERROR;
				CLANG_WARN_DOCUMENTATION_COMMENTS = YES;
				CLANG_WARN_EMPTY_BODY = YES;
				CLANG_WARN_ENUM_CONVERSION = YES;
				CLANG_WARN_INFINITE_RECURSION = YES;
				CLANG_WARN_INT_CONVERSION = YES;
				CLANG_WARN_NON_LITERAL_NULL_CONVERSION = YES;
				CLANG_WARN_OBJC_IMPLICIT_RETAIN_SELF = YES;
				CLANG_WARN_OBJC_LITERAL_CONVERSION = YES;
				CLANG_WARN_OBJC_ROOT_CLASS = YES_ERROR;
				CLANG_WARN_QUOTED_INCLUDE_IN_FRAMEWORK_HEADER = YES;
				CLANG_WARN_RANGE_LOOP_ANALYSIS = YES;
				CLANG_WARN_STRICT_PROTOTYPES = YES;
				CLANG_WARN_SUSPICIOUS_MOVE = YES;
				CLANG_WARN_UNGUARDED_AVAILABILITY = YES_AGGRESSIVE;
				CLANG_WARN_UNREACHABLE_CODE = YES;
				CLANG_WARN__DUPLICATE_METHOD_MATCH = YES;
				COPY_PHASE_STRIP = NO;
				DEBUG_INFORMATION_FORMAT = "dwarf-with-dsym";
				ENABLE_NS_ASSERTIONS = NO;
				ENABLE_STRICT_OBJC_MSGSEND = YES;
				ENABLE_USER_SCRIPT_SANDBOXING = YES;
				GCC_C_LANGUAGE_STANDARD = gnu17;
				GCC_NO_COMMON_BLOCKS = YES;
				GCC_WARN_64_TO_32_BIT_CONVERSION = YES;
				GCC_WARN_ABOUT_RETURN_TYPE = YES_ERROR;
				GCC_WARN_UNDECLARED_SELECTOR = YES;
				GCC_WARN_UNINITIALIZED_AUTOS = YES_AGGRESSIVE;
				GCC_WARN_UNUSED_FUNCTION = YES;
				GCC_WARN_UNUSED_VARIABLE = YES;
				IPHONEOS_DEPLOYMENT_TARGET = 17;
				LOCALIZATION_PREFERS_STRING_CATALOGS = YES;
				MTL_ENABLE_DEBUG_INFO = NO;
				MTL_FAST_MATH = YES;
				SDKROOT = iphoneos;
				SWIFT_COMPILATION_MODE = wholemodule;
				VALIDATE_PRODUCT = YES;
			};
			name = Release;
		};
		E59509622BE1FB1400BDDFA4 /* Debug */ = {
			isa = XCBuildConfiguration;
			buildSettings = {
				ASSETCATALOG_COMPILER_APPICON_NAME = AppIcon;
				ASSETCATALOG_COMPILER_GLOBAL_ACCENT_COLOR_NAME = AccentColor;
				CODE_SIGN_STYLE = Automatic;
				CURRENT_PROJECT_VERSION = 1;
				DEVELOPMENT_ASSET_PATHS = "\"DSA Courses/Preview Content\"";
				DEVELOPMENT_TEAM = B96N5PJKRG;
				ENABLE_PREVIEWS = YES;
				GENERATE_INFOPLIST_FILE = YES;
				INFOPLIST_KEY_UIApplicationSceneManifest_Generation = YES;
				INFOPLIST_KEY_UIApplicationSupportsIndirectInputEvents = YES;
				INFOPLIST_KEY_UILaunchScreen_Generation = YES;
				INFOPLIST_KEY_UISupportedInterfaceOrientations_iPad = "UIInterfaceOrientationPortrait UIInterfaceOrientationPortraitUpsideDown UIInterfaceOrientationLandscapeLeft UIInterfaceOrientationLandscapeRight";
				INFOPLIST_KEY_UISupportedInterfaceOrientations_iPhone = "UIInterfaceOrientationPortrait UIInterfaceOrientationLandscapeLeft UIInterfaceOrientationLandscapeRight";
				IPHONEOS_DEPLOYMENT_TARGET = 17;
				LD_RUNPATH_SEARCH_PATHS = (
					"$(inherited)",
					"@executable_path/Frameworks",
				);
				MARKETING_VERSION = 1.0;
				PRODUCT_BUNDLE_IDENTIFIER = "com.ikaros.DSA-Courses";
				PRODUCT_NAME = "$(TARGET_NAME)";
				SWIFT_EMIT_LOC_STRINGS = YES;
				SWIFT_VERSION = 5.0;
				TARGETED_DEVICE_FAMILY = "1,2";
			};
			name = Debug;
		};
		E59509632BE1FB1400BDDFA4 /* Release */ = {
			isa = XCBuildConfiguration;
			buildSettings = {
				ASSETCATALOG_COMPILER_APPICON_NAME = AppIcon;
				ASSETCATALOG_COMPILER_GLOBAL_ACCENT_COLOR_NAME = AccentColor;
				CODE_SIGN_STYLE = Automatic;
				CURRENT_PROJECT_VERSION = 1;
				DEVELOPMENT_ASSET_PATHS = "\"DSA Courses/Preview Content\"";
				DEVELOPMENT_TEAM = B96N5PJKRG;
				ENABLE_PREVIEWS = YES;
				GENERATE_INFOPLIST_FILE = YES;
				INFOPLIST_KEY_UIApplicationSceneManifest_Generation = YES;
				INFOPLIST_KEY_UIApplicationSupportsIndirectInputEvents = YES;
				INFOPLIST_KEY_UILaunchScreen_Generation = YES;
				INFOPLIST_KEY_UISupportedInterfaceOrientations_iPad = "UIInterfaceOrientationPortrait UIInterfaceOrientationPortraitUpsideDown UIInterfaceOrientationLandscapeLeft UIInterfaceOrientationLandscapeRight";
				INFOPLIST_KEY_UISupportedInterfaceOrientations_iPhone = "UIInterfaceOrientationPortrait UIInterfaceOrientationLandscapeLeft UIInterfaceOrientationLandscapeRight";
				IPHONEOS_DEPLOYMENT_TARGET = 17;
				LD_RUNPATH_SEARCH_PATHS = (
					"$(inherited)",
					"@executable_path/Frameworks",
				);
				MARKETING_VERSION = 1.0;
				PRODUCT_BUNDLE_IDENTIFIER = "com.ikaros.DSA-Courses";
				PRODUCT_NAME = "$(TARGET_NAME)";
				SWIFT_EMIT_LOC_STRINGS = YES;
				SWIFT_VERSION = 5.0;
				TARGETED_DEVICE_FAMILY = "1,2";
			};
			name = Release;
		};
/* End XCBuildConfiguration section */

/* Begin XCConfigurationList section */
		E595094E2BE1FB1300BDDFA4 /* Build configuration list for PBXProject "DSA Courses" */ = {
			isa = XCConfigurationList;
			buildConfigurations = (
				E595095F2BE1FB1400BDDFA4 /* Debug */,
				E59509602BE1FB1400BDDFA4 /* Release */,
			);
			defaultConfigurationIsVisible = 0;
			defaultConfigurationName = Release;
		};
		E59509612BE1FB1400BDDFA4 /* Build configuration list for PBXNativeTarget "DSA Courses" */ = {
			isa = XCConfigurationList;
			buildConfigurations = (
				E59509622BE1FB1400BDDFA4 /* Debug */,
				E59509632BE1FB1400BDDFA4 /* Release */,
			);
			defaultConfigurationIsVisible = 0;
			defaultConfigurationName = Release;
		};
/* End XCConfigurationList section */
	};
	rootObject = E595094B2BE1FB1300BDDFA4 /* Project object */;
}
